// !$*UTF8*$!
{
	archiveVersion = 1;
	classes = {
	};
	objectVersion = 46;
	objects = {

/* Begin PBXBuildFile section */
		84D9B4F51B9CF9790012EC5C /* AppDelegate.swift in Sources */ = {isa = PBXBuildFile; fileRef = 84D9B4F41B9CF9790012EC5C /* AppDelegate.swift */; };
		84D9B4F71B9CF9790012EC5C /* ViewController.swift in Sources */ = {isa = PBXBuildFile; fileRef = 84D9B4F61B9CF9790012EC5C /* ViewController.swift */; };
		84D9B4FA1B9CF9790012EC5C /* Main.storyboard in Resources */ = {isa = PBXBuildFile; fileRef = 84D9B4F81B9CF9790012EC5C /* Main.storyboard */; };
		84D9B4FC1B9CF9790012EC5C /* Images.xcassets in Resources */ = {isa = PBXBuildFile; fileRef = 84D9B4FB1B9CF9790012EC5C /* Images.xcassets */; };
		84D9B4FF1B9CF9790012EC5C /* LaunchScreen.xib in Resources */ = {isa = PBXBuildFile; fileRef = 84D9B4FD1B9CF9790012EC5C /* LaunchScreen.xib */; };
		84D9B50B1B9CF9790012EC5C /* PongTests.swift in Sources */ = {isa = PBXBuildFile; fileRef = 84D9B50A1B9CF9790012EC5C /* PongTests.swift */; };
/* End PBXBuildFile section */

/* Begin PBXContainerItemProxy section */
		84D9B5051B9CF9790012EC5C /* PBXContainerItemProxy */ = {
			isa = PBXContainerItemProxy;
			containerPortal = 84D9B4E71B9CF9790012EC5C /* Project object */;
			proxyType = 1;
			remoteGlobalIDString = 84D9B4EE1B9CF9790012EC5C;
			remoteInfo = Pong;
		};
/* End PBXContainerItemProxy section */

/* Begin PBXFileReference section */
		84D9B4EF1B9CF9790012EC5C /* Pong.app */ = {isa = PBXFileReference; explicitFileType = wrapper.application; includeInIndex = 0; path = Pong.app; sourceTree = BUILT_PRODUCTS_DIR; };
		84D9B4F31B9CF9790012EC5C /* Info.plist */ = {isa = PBXFileReference; lastKnownFileType = text.plist.xml; path = Info.plist; sourceTree = "<group>"; };
		84D9B4F41B9CF9790012EC5C /* AppDelegate.swift */ = {isa = PBXFileReference; lastKnownFileType = sourcecode.swift; path = AppDelegate.swift; sourceTree = "<group>"; };
		84D9B4F61B9CF9790012EC5C /* ViewController.swift */ = {isa = PBXFileReference; lastKnownFileType = sourcecode.swift; path = ViewController.swift; sourceTree = "<group>"; };
		84D9B4F91B9CF9790012EC5C /* Base */ = {isa = PBXFileReference; lastKnownFileType = file.storyboard; name = Base; path = Base.lproj/Main.storyboard; sourceTree = "<group>"; };
		84D9B4FB1B9CF9790012EC5C /* Images.xcassets */ = {isa = PBXFileReference; lastKnownFileType = folder.assetcatalog; path = Images.xcassets; sourceTree = "<group>"; };
		84D9B4FE1B9CF9790012EC5C /* Base */ = {isa = PBXFileReference; lastKnownFileType = file.xib; name = Base; path = Base.lproj/LaunchScreen.xib; sourceTree = "<group>"; };
		84D9B5041B9CF9790012EC5C /* PongTests.xctest */ = {isa = PBXFileReference; explicitFileType = wrapper.cfbundle; includeInIndex = 0; path = PongTests.xctest; sourceTree = BUILT_PRODUCTS_DIR; };
		84D9B5091B9CF9790012EC5C /* Info.plist */ = {isa = PBXFileReference; lastKnownFileType = text.plist.xml; path = Info.plist; sourceTree = "<group>"; };
		84D9B50A1B9CF9790012EC5C /* PongTests.swift */ = {isa = PBXFileReference; lastKnownFileType = sourcecode.swift; path = PongTests.swift; sourceTree = "<group>"; };
/* End PBXFileReference section */

/* Begin PBXFrameworksBuildPhase section */
		84D9B4EC1B9CF9790012EC5C /* Frameworks */ = {
			isa = PBXFrameworksBuildPhase;
			buildActionMask = 2147483647;
			files = (
			);
			runOnlyForDeploymentPostprocessing = 0;
		};
		84D9B5011B9CF9790012EC5C /* Frameworks */ = {
			isa = PBXFrameworksBuildPhase;
			buildActionMask = 2147483647;
			files = (
			);
			runOnlyForDeploymentPostprocessing = 0;
		};
/* End PBXFrameworksBuildPhase section */

/* Begin PBXGroup section */
		84D9B4E61B9CF9790012EC5C = {
			isa = PBXGroup;
			children = (
				84D9B4F11B9CF9790012EC5C /* Pong */,
				84D9B5071B9CF9790012EC5C /* PongTests */,
				84D9B4F01B9CF9790012EC5C /* Products */,
			);
			sourceTree = "<group>";
		};
		84D9B4F01B9CF9790012EC5C /* Products */ = {
			isa = PBXGroup;
			children = (
				84D9B4EF1B9CF9790012EC5C /* Pong.app */,
				84D9B5041B9CF9790012EC5C /* PongTests.xctest */,
			);
			name = Products;
			sourceTree = "<group>";
		};
		84D9B4F11B9CF9790012EC5C /* Pong */ = {
			isa = PBXGroup;
			children = (
				84D9B4F41B9CF9790012EC5C /* AppDelegate.swift */,
				84D9B4F61B9CF9790012EC5C /* ViewController.swift */,
				84D9B4F81B9CF9790012EC5C /* Main.storyboard */,
				84D9B4FB1B9CF9790012EC5C /* Images.xcassets */,
				84D9B4FD1B9CF9790012EC5C /* LaunchScreen.xib */,
				84D9B4F21B9CF9790012EC5C /* Supporting Files */,
			);
			path = Pong;
			sourceTree = "<group>";
		};
		84D9B4F21B9CF9790012EC5C /* Supporting Files */ = {
			isa = PBXGroup;
			children = (
				84D9B4F31B9CF9790012EC5C /* Info.plist */,
			);
			name = "Supporting Files";
			sourceTree = "<group>";
		};
		84D9B5071B9CF9790012EC5C /* PongTests */ = {
			isa = PBXGroup;
			children = (
				84D9B50A1B9CF9790012EC5C /* PongTests.swift */,
				84D9B5081B9CF9790012EC5C /* Supporting Files */,
			);
			path = PongTests;
			sourceTree = "<group>";
		};
		84D9B5081B9CF9790012EC5C /* Supporting Files */ = {
			isa = PBXGroup;
			children = (
				84D9B5091B9CF9790012EC5C /* Info.plist */,
			);
			name = "Supporting Files";
			sourceTree = "<group>";
		};
/* End PBXGroup section */

/* Begin PBXNativeTarget section */
		84D9B4EE1B9CF9790012EC5C /* Pong */ = {
			isa = PBXNativeTarget;
			buildConfigurationList = 84D9B50E1B9CF9790012EC5C /* Build configuration list for PBXNativeTarget "Pong" */;
			buildPhases = (
				84D9B4EB1B9CF9790012EC5C /* Sources */,
				84D9B4EC1B9CF9790012EC5C /* Frameworks */,
				84D9B4ED1B9CF9790012EC5C /* Resources */,
			);
			buildRules = (
			);
			dependencies = (
			);
			name = Pong;
			productName = Pong;
			productReference = 84D9B4EF1B9CF9790012EC5C /* Pong.app */;
			productType = "com.apple.product-type.application";
		};
		84D9B5031B9CF9790012EC5C /* PongTests */ = {
			isa = PBXNativeTarget;
			buildConfigurationList = 84D9B5111B9CF9790012EC5C /* Build configuration list for PBXNativeTarget "PongTests" */;
			buildPhases = (
				84D9B5001B9CF9790012EC5C /* Sources */,
				84D9B5011B9CF9790012EC5C /* Frameworks */,
				84D9B5021B9CF9790012EC5C /* Resources */,
			);
			buildRules = (
			);
			dependencies = (
				84D9B5061B9CF9790012EC5C /* PBXTargetDependency */,
			);
			name = PongTests;
			productName = PongTests;
			productReference = 84D9B5041B9CF9790012EC5C /* PongTests.xctest */;
			productType = "com.apple.product-type.bundle.unit-test";
		};
/* End PBXNativeTarget section */

/* Begin PBXProject section */
		84D9B4E71B9CF9790012EC5C /* Project object */ = {
			isa = PBXProject;
			attributes = {
				LastUpgradeCheck = 0640;
				ORGANIZATIONNAME = "Brenton Currie";
				TargetAttributes = {
					84D9B4EE1B9CF9790012EC5C = {
						CreatedOnToolsVersion = 6.4;
					};
					84D9B5031B9CF9790012EC5C = {
						CreatedOnToolsVersion = 6.4;
						TestTargetID = 84D9B4EE1B9CF9790012EC5C;
					};
				};
			};
			buildConfigurationList = 84D9B4EA1B9CF9790012EC5C /* Build configuration list for PBXProject "Pong" */;
			compatibilityVersion = "Xcode 3.2";
			developmentRegion = English;
			hasScannedForEncodings = 0;
			knownRegions = (
				en,
				Base,
			);
			mainGroup = 84D9B4E61B9CF9790012EC5C;
			productRefGroup = 84D9B4F01B9CF9790012EC5C /* Products */;
			projectDirPath = "";
			projectRoot = "";
			targets = (
				84D9B4EE1B9CF9790012EC5C /* Pong */,
				84D9B5031B9CF9790012EC5C /* PongTests */,
			);
		};
/* End PBXProject section */

/* Begin PBXResourcesBuildPhase section */
		84D9B4ED1B9CF9790012EC5C /* Resources */ = {
			isa = PBXResourcesBuildPhase;
			buildActionMask = 2147483647;
			files = (
				84D9B4FA1B9CF9790012EC5C /* Main.storyboard in Resources */,
				84D9B4FF1B9CF9790012EC5C /* LaunchScreen.xib in Resources */,
				84D9B4FC1B9CF9790012EC5C /* Images.xcassets in Resources */,
			);
			runOnlyForDeploymentPostprocessing = 0;
		};
		84D9B5021B9CF9790012EC5C /* Resources */ = {
			isa = PBXResourcesBuildPhase;
			buildActionMask = 2147483647;
			files = (
			);
			runOnlyForDeploymentPostprocessing = 0;
		};
/* End PBXResourcesBuildPhase section */

/* Begin PBXSourcesBuildPhase section */
		84D9B4EB1B9CF9790012EC5C /* Sources */ = {
			isa = PBXSourcesBuildPhase;
			buildActionMask = 2147483647;
			files = (
				84D9B4F71B9CF9790012EC5C /* ViewController.swift in Sources */,
				84D9B4F51B9CF9790012EC5C /* AppDelegate.swift in Sources */,
			);
			runOnlyForDeploymentPostprocessing = 0;
		};
		84D9B5001B9CF9790012EC5C /* Sources */ = {
			isa = PBXSourcesBuildPhase;
			buildActionMask = 2147483647;
			files = (
				84D9B50B1B9CF9790012EC5C /* PongTests.swift in Sources */,
			);
			runOnlyForDeploymentPostprocessing = 0;
		};
/* End PBXSourcesBuildPhase section */

/* Begin PBXTargetDependency section */
		84D9B5061B9CF9790012EC5C /* PBXTargetDependency */ = {
			isa = PBXTargetDependency;
			target = 84D9B4EE1B9CF9790012EC5C /* Pong */;
			targetProxy = 84D9B5051B9CF9790012EC5C /* PBXContainerItemProxy */;
		};
/* End PBXTargetDependency section */

/* Begin PBXVariantGroup section */
		84D9B4F81B9CF9790012EC5C /* Main.storyboard */ = {
			isa = PBXVariantGroup;
			children = (
				84D9B4F91B9CF9790012EC5C /* Base */,
			);
			name = Main.storyboard;
			sourceTree = "<group>";
		};
		84D9B4FD1B9CF9790012EC5C /* LaunchScreen.xib */ = {
			isa = PBXVariantGroup;
			children = (
				84D9B4FE1B9CF9790012EC5C /* Base */,
			);
			name = LaunchScreen.xib;
			sourceTree = "<group>";
		};
/* End PBXVariantGroup section */

/* Begin XCBuildConfiguration section */
		84D9B50C1B9CF9790012EC5C /* Debug */ = {
			isa = XCBuildConfiguration;
			buildSettings = {
				ALWAYS_SEARCH_USER_PATHS = NO;
				CLANG_CXX_LANGUAGE_STANDARD = "gnu++0x";
				CLANG_CXX_LIBRARY = "libc++";
				CLANG_ENABLE_MODULES = YES;
				CLANG_ENABLE_OBJC_ARC = YES;
				CLANG_WARN_BOOL_CONVERSION = YES;
				CLANG_WARN_CONSTANT_CONVERSION = YES;
				CLANG_WARN_DIRECT_OBJC_ISA_USAGE = YES_ERROR;
				CLANG_WARN_EMPTY_BODY = YES;
				CLANG_WARN_ENUM_CONVERSION = YES;
				CLANG_WARN_INT_CONVERSION = YES;
				CLANG_WARN_OBJC_ROOT_CLASS = YES_ERROR;
				CLANG_WARN_UNREACHABLE_CODE = YES;
				CLANG_WARN__DUPLICATE_METHOD_MATCH = YES;
				"CODE_SIGN_IDENTITY[sdk=iphoneos*]" = "iPhone Developer";
				COPY_PHASE_STRIP = NO;
				DEBUG_INFORMATION_FORMAT = "dwarf-with-dsym";
				ENABLE_STRICT_OBJC_MSGSEND = YES;
				GCC_C_LANGUAGE_STANDARD = gnu99;
				GCC_DYNAMIC_NO_PIC = NO;
				GCC_NO_COMMON_BLOCKS = YES;
				GCC_OPTIMIZATION_LEVEL = 0;
				GCC_PREPROCESSOR_DEFINITIONS = (
					"DEBUG=1",
					"$(inherited)",
				);
				GCC_SYMBOLS_PRIVATE_EXTERN = NO;
				GCC_WARN_64_TO_32_BIT_CONVERSION = YES;
				GCC_WARN_ABOUT_RETURN_TYPE = YES_ERROR;
				GCC_WARN_UNDECLARED_SELECTOR = YES;
				GCC_WARN_UNINITIALIZED_AUTOS = YES_AGGRESSIVE;
				GCC_WARN_UNUSED_FUNCTION = YES;
				GCC_WARN_UNUSED_VARIABLE = YES;
				IPHONEOS_DEPLOYMENT_TARGET = 8.4;
				MTL_ENABLE_DEBUG_INFO = YES;
				ONLY_ACTIVE_ARCH = YES;
				SDKROOT = iphoneos;
				SWIFT_OPTIMIZATION_LEVEL = "-Onone";
				TARGETED_DEVICE_FAMILY = "1,2";
			};
			name = Debug;
		};
		84D9B50D1B9CF9790012EC5C /* Release */ = {
			isa = XCBuildConfiguration;
			buildSettings = {
				ALWAYS_SEARCH_USER_PATHS = NO;
				CLANG_CXX_LANGUAGE_STANDARD = "gnu++0x";
				CLANG_CXX_LIBRARY = "libc++";
				CLANG_ENABLE_MODULES = YES;
				CLANG_ENABLE_OBJC_ARC = YES;
				CLANG_WARN_BOOL_CONVERSION = YES;
				CLANG_WARN_CONSTANT_CONVERSION = YES;
				CLANG_WARN_DIRECT_OBJC_ISA_USAGE = YES_ERROR;
				CLANG_WARN_EMPTY_BODY = YES;
				CLANG_WARN_ENUM_CONVERSION = YES;
				CLANG_WARN_INT_CONVERSION = YES;
				CLANG_WARN_OBJC_ROOT_CLASS = YES_ERROR;
				CLANG_WARN_UNREACHABLE_CODE = YES;
				CLANG_WARN__DUPLICATE_METHOD_MATCH = YES;
				"CODE_SIGN_IDENTITY[sdk=iphoneos*]" = "iPhone Developer";
				COPY_PHASE_STRIP = NO;
				DEBUG_INFORMATION_FORMAT = "dwarf-with-dsym";
				ENABLE_NS_ASSERTIONS = NO;
				ENABLE_STRICT_OBJC_MSGSEND = YES;
				GCC_C_LANGUAGE_STANDARD = gnu99;
				GCC_NO_COMMON_BLOCKS = YES;
				GCC_WARN_64_TO_32_BIT_CONVERSION = YES;
				GCC_WARN_ABOUT_RETURN_TYPE = YES_ERROR;
				GCC_WARN_UNDECLARED_SELECTOR = YES;
				GCC_WARN_UNINITIALIZED_AUTOS = YES_AGGRESSIVE;
				GCC_WARN_UNUSED_FUNCTION = YES;
				GCC_WARN_UNUSED_VARIABLE = YES;
				IPHONEOS_DEPLOYMENT_TARGET = 8.4;
				MTL_ENABLE_DEBUG_INFO = NO;
				SDKROOT = iphoneos;
				TARGETED_DEVICE_FAMILY = "1,2";
				VALIDATE_PRODUCT = YES;
			};
			name = Release;
		};
		84D9B50F1B9CF9790012EC5C /* Debug */ = {
			isa = XCBuildConfiguration;
			buildSettings = {
				ASSETCATALOG_COMPILER_APPICON_NAME = AppIcon;
				INFOPLIST_FILE = Pong/Info.plist;
				LD_RUNPATH_SEARCH_PATHS = "$(inherited) @executable_path/Frameworks";
				PRODUCT_NAME = "$(TARGET_NAME)";
			};
			name = Debug;
		};
		84D9B5101B9CF9790012EC5C /* Release */ = {
			isa = XCBuildConfiguration;
			buildSettings = {
				ASSETCATALOG_COMPILER_APPICON_NAME = AppIcon;
				INFOPLIST_FILE = Pong/Info.plist;
				LD_RUNPATH_SEARCH_PATHS = "$(inherited) @executable_path/Frameworks";
				PRODUCT_NAME = "$(TARGET_NAME)";
			};
			name = Release;
		};
		84D9B5121B9CF9790012EC5C /* Debug */ = {
			isa = XCBuildConfiguration;
			buildSettings = {
				BUNDLE_LOADER = "$(TEST_HOST)";
				FRAMEWORK_SEARCH_PATHS = (
					"$(SDKROOT)/Developer/Library/Frameworks",
					"$(inherited)",
				);
				GCC_PREPROCESSOR_DEFINITIONS = (
					"DEBUG=1",
					"$(inherited)",
				);
				INFOPLIST_FILE = PongTests/Info.plist;
				LD_RUNPATH_SEARCH_PATHS = "$(inherited) @executable_path/Frameworks @loader_path/Frameworks";
				PRODUCT_NAME = "$(TARGET_NAME)";
				TEST_HOST = "$(BUILT_PRODUCTS_DIR)/Pong.app/Pong";
			};
			name = Debug;
		};
		84D9B5131B9CF9790012EC5C /* Release */ = {
			isa = XCBuildConfiguration;
			buildSettings = {
				BUNDLE_LOADER = "$(TEST_HOST)";
				FRAMEWORK_SEARCH_PATHS = (
					"$(SDKROOT)/Developer/Library/Frameworks",
					"$(inherited)",
				);
				INFOPLIST_FILE = PongTests/Info.plist;
				LD_RUNPATH_SEARCH_PATHS = "$(inherited) @executable_path/Frameworks @loader_path/Frameworks";
				PRODUCT_NAME = "$(TARGET_NAME)";
				TEST_HOST = "$(BUILT_PRODUCTS_DIR)/Pong.app/Pong";
			};
			name = Release;
		};
/* End XCBuildConfiguration section */

/* Begin XCConfigurationList section */
		84D9B4EA1B9CF9790012EC5C /* Build configuration list for PBXProject "Pong" */ = {
			isa = XCConfigurationList;
			buildConfigurations = (
				84D9B50C1B9CF9790012EC5C /* Debug */,
				84D9B50D1B9CF9790012EC5C /* Release */,
			);
			defaultConfigurationIsVisible = 0;
			defaultConfigurationName = Release;
		};
		84D9B50E1B9CF9790012EC5C /* Build configuration list for PBXNativeTarget "Pong" */ = {
			isa = XCConfigurationList;
			buildConfigurations = (
				84D9B50F1B9CF9790012EC5C /* Debug */,
				84D9B5101B9CF9790012EC5C /* Release */,
			);
			defaultConfigurationIsVisible = 0;
		};
		84D9B5111B9CF9790012EC5C /* Build configuration list for PBXNativeTarget "PongTests" */ = {
			isa = XCConfigurationList;
			buildConfigurations = (
				84D9B5121B9CF9790012EC5C /* Debug */,
				84D9B5131B9CF9790012EC5C /* Release */,
			);
			defaultConfigurationIsVisible = 0;
		};
/* End XCConfigurationList section */
	};
	rootObject = 84D9B4E71B9CF9790012EC5C /* Project object */;
}
